
Microsoft Visual Studio Solution File, Format Version 12.00
# Visual Studio Version 16
VisualStudioVersion = 16.0.31624.102
MinimumVisualStudioVersion = 10.0.40219.1
Project("{FAE04EC0-301F-11D3-BF4B-00C04F79EFBC}") = "curso.api", "curso.api.csproj", "{834EF211-ED1C-4117-8538-8B86221344D4}"
EndProject
Global
	GlobalSection(SolutionConfigurationPlatforms) = preSolution
		Debug|Any CPU = Debug|Any CPU
		Release|Any CPU = Release|Any CPU
	EndGlobalSection
	GlobalSection(ProjectConfigurationPlatforms) = postSolution
		{834EF211-ED1C-4117-8538-8B86221344D4}.Debug|Any CPU.ActiveCfg = Debug|Any CPU
		{834EF211-ED1C-4117-8538-8B86221344D4}.Debug|Any CPU.Build.0 = Debug|Any CPU
		{834EF211-ED1C-4117-8538-8B86221344D4}.Release|Any CPU.ActiveCfg = Release|Any CPU
		{834EF211-ED1C-4117-8538-8B86221344D4}.Release|Any CPU.Build.0 = Release|Any CPU
	EndGlobalSection
	GlobalSection(SolutionProperties) = preSolution
		HideSolutionNode = FALSE
	EndGlobalSection
	GlobalSection(ExtensibilityGlobals) = postSolution
		SolutionGuid = {6FE9FFEC-DB79-4AEF-9D99-F8D74A431F18}
	EndGlobalSection
EndGlobal
